// !$*UTF8*$!
{
	archiveVersion = 1;
	classes = {
	};
	objectVersion = 56;
	objects = {

/* Begin PBXBuildFile section */
		36C1EBCC2BF452B1003AEA53 /* UIColor+Hex.swift in Sources */ = {isa = PBXBuildFile; fileRef = 36C1EBCB2BF452B1003AEA53 /* UIColor+Hex.swift */; };
		B4A0CEEF2BF4E99500630787 /* Factory in Frameworks */ = {isa = PBXBuildFile; productRef = B4A0CEEE2BF4E99500630787 /* Factory */; };
		B4A0CEF12BF4EA9200630787 /* DependencyInject.swift in Sources */ = {isa = PBXBuildFile; fileRef = B4A0CEF02BF4EA9200630787 /* DependencyInject.swift */; };
		B4C591D82BF395C500EE9E47 /* AppDelegate.swift in Sources */ = {isa = PBXBuildFile; fileRef = B4C591D72BF395C500EE9E47 /* AppDelegate.swift */; };
		B4C591DA2BF395C500EE9E47 /* SceneDelegate.swift in Sources */ = {isa = PBXBuildFile; fileRef = B4C591D92BF395C500EE9E47 /* SceneDelegate.swift */; };
		B4C591DC2BF395C500EE9E47 /* ViewController.swift in Sources */ = {isa = PBXBuildFile; fileRef = B4C591DB2BF395C500EE9E47 /* ViewController.swift */; };
		B4C591DF2BF395C500EE9E47 /* Main.storyboard in Resources */ = {isa = PBXBuildFile; fileRef = B4C591DD2BF395C500EE9E47 /* Main.storyboard */; };
		B4C591E12BF395C800EE9E47 /* Assets.xcassets in Resources */ = {isa = PBXBuildFile; fileRef = B4C591E02BF395C800EE9E47 /* Assets.xcassets */; };
		B4C591E42BF395C800EE9E47 /* LaunchScreen.storyboard in Resources */ = {isa = PBXBuildFile; fileRef = B4C591E22BF395C800EE9E47 /* LaunchScreen.storyboard */; };
		B4C591EF2BF395C800EE9E47 /* CalculatorTests.swift in Sources */ = {isa = PBXBuildFile; fileRef = B4C591EE2BF395C800EE9E47 /* CalculatorTests.swift */; };
		B4C592082BF39A7D00EE9E47 /* CalculatorView.swift in Sources */ = {isa = PBXBuildFile; fileRef = B4C592072BF39A7D00EE9E47 /* CalculatorView.swift */; };
		B4C5920B2BF39D4800EE9E47 /* SnapKit in Frameworks */ = {isa = PBXBuildFile; productRef = B4C5920A2BF39D4800EE9E47 /* SnapKit */; };
		B4C5920D2BF39D4800EE9E47 /* SnapKit-Dynamic in Frameworks */ = {isa = PBXBuildFile; productRef = B4C5920C2BF39D4800EE9E47 /* SnapKit-Dynamic */; };
		B4C5920F2BF39F2700EE9E47 /* Calculator.swift in Sources */ = {isa = PBXBuildFile; fileRef = B4C5920E2BF39F2700EE9E47 /* Calculator.swift */; };
/* End PBXBuildFile section */

/* Begin PBXContainerItemProxy section */
		B4C591EB2BF395C800EE9E47 /* PBXContainerItemProxy */ = {
			isa = PBXContainerItemProxy;
			containerPortal = B4C591CC2BF395C500EE9E47 /* Project object */;
			proxyType = 1;
			remoteGlobalIDString = B4C591D32BF395C500EE9E47;
			remoteInfo = Calculator;
		};
/* End PBXContainerItemProxy section */

/* Begin PBXFileReference section */
		36C1EBCB2BF452B1003AEA53 /* UIColor+Hex.swift */ = {isa = PBXFileReference; lastKnownFileType = sourcecode.swift; path = "UIColor+Hex.swift"; sourceTree = "<group>"; };
		B4A0CEF02BF4EA9200630787 /* DependencyInject.swift */ = {isa = PBXFileReference; lastKnownFileType = sourcecode.swift; path = DependencyInject.swift; sourceTree = "<group>"; };
		B4C591D42BF395C500EE9E47 /* Calculator.app */ = {isa = PBXFileReference; explicitFileType = wrapper.application; includeInIndex = 0; path = Calculator.app; sourceTree = BUILT_PRODUCTS_DIR; };
		B4C591D72BF395C500EE9E47 /* AppDelegate.swift */ = {isa = PBXFileReference; lastKnownFileType = sourcecode.swift; path = AppDelegate.swift; sourceTree = "<group>"; };
		B4C591D92BF395C500EE9E47 /* SceneDelegate.swift */ = {isa = PBXFileReference; lastKnownFileType = sourcecode.swift; path = SceneDelegate.swift; sourceTree = "<group>"; };
		B4C591DB2BF395C500EE9E47 /* ViewController.swift */ = {isa = PBXFileReference; lastKnownFileType = sourcecode.swift; path = ViewController.swift; sourceTree = "<group>"; };
		B4C591DE2BF395C500EE9E47 /* Base */ = {isa = PBXFileReference; lastKnownFileType = file.storyboard; name = Base; path = Base.lproj/Main.storyboard; sourceTree = "<group>"; };
		B4C591E02BF395C800EE9E47 /* Assets.xcassets */ = {isa = PBXFileReference; lastKnownFileType = folder.assetcatalog; path = Assets.xcassets; sourceTree = "<group>"; };
		B4C591E32BF395C800EE9E47 /* Base */ = {isa = PBXFileReference; lastKnownFileType = file.storyboard; name = Base; path = Base.lproj/LaunchScreen.storyboard; sourceTree = "<group>"; };
		B4C591E52BF395C800EE9E47 /* Info.plist */ = {isa = PBXFileReference; lastKnownFileType = text.plist.xml; path = Info.plist; sourceTree = "<group>"; };
		B4C591EA2BF395C800EE9E47 /* CalculatorTests.xctest */ = {isa = PBXFileReference; explicitFileType = wrapper.cfbundle; includeInIndex = 0; path = CalculatorTests.xctest; sourceTree = BUILT_PRODUCTS_DIR; };
		B4C591EE2BF395C800EE9E47 /* CalculatorTests.swift */ = {isa = PBXFileReference; lastKnownFileType = sourcecode.swift; path = CalculatorTests.swift; sourceTree = "<group>"; };
		B4C592072BF39A7D00EE9E47 /* CalculatorView.swift */ = {isa = PBXFileReference; lastKnownFileType = sourcecode.swift; path = CalculatorView.swift; sourceTree = "<group>"; };
		B4C5920E2BF39F2700EE9E47 /* Calculator.swift */ = {isa = PBXFileReference; lastKnownFileType = sourcecode.swift; path = Calculator.swift; sourceTree = "<group>"; };
/* End PBXFileReference section */

/* Begin PBXFrameworksBuildPhase section */
		B4C591D12BF395C500EE9E47 /* Frameworks */ = {
			isa = PBXFrameworksBuildPhase;
			buildActionMask = 2147483647;
			files = (
				B4A0CEEF2BF4E99500630787 /* Factory in Frameworks */,
				B4C5920B2BF39D4800EE9E47 /* SnapKit in Frameworks */,
				B4C5920D2BF39D4800EE9E47 /* SnapKit-Dynamic in Frameworks */,
			);
			runOnlyForDeploymentPostprocessing = 0;
		};
		B4C591E72BF395C800EE9E47 /* Frameworks */ = {
			isa = PBXFrameworksBuildPhase;
			buildActionMask = 2147483647;
			files = (
			);
			runOnlyForDeploymentPostprocessing = 0;
		};
/* End PBXFrameworksBuildPhase section */

/* Begin PBXGroup section */
		B4C591CB2BF395C500EE9E47 = {
			isa = PBXGroup;
			children = (
				B4C591D62BF395C500EE9E47 /* Calculator */,
				B4C591ED2BF395C800EE9E47 /* CalculatorTests */,
				B4C591D52BF395C500EE9E47 /* Products */,
			);
			sourceTree = "<group>";
		};
		B4C591D52BF395C500EE9E47 /* Products */ = {
			isa = PBXGroup;
			children = (
				B4C591D42BF395C500EE9E47 /* Calculator.app */,
				B4C591EA2BF395C800EE9E47 /* CalculatorTests.xctest */,
			);
			name = Products;
			sourceTree = "<group>";
		};
		B4C591D62BF395C500EE9E47 /* Calculator */ = {
			isa = PBXGroup;
			children = (
				B4C591D72BF395C500EE9E47 /* AppDelegate.swift */,
				B4C591D92BF395C500EE9E47 /* SceneDelegate.swift */,
				B4C591DB2BF395C500EE9E47 /* ViewController.swift */,
				B4C5920E2BF39F2700EE9E47 /* Calculator.swift */,
				B4C592072BF39A7D00EE9E47 /* CalculatorView.swift */,
				B4A0CEF02BF4EA9200630787 /* DependencyInject.swift */,
				36C1EBCB2BF452B1003AEA53 /* UIColor+Hex.swift */,
				B4C591DD2BF395C500EE9E47 /* Main.storyboard */,
				B4C591E02BF395C800EE9E47 /* Assets.xcassets */,
				B4C591E22BF395C800EE9E47 /* LaunchScreen.storyboard */,
				B4C591E52BF395C800EE9E47 /* Info.plist */,
			);
			path = Calculator;
			sourceTree = "<group>";
		};
		B4C591ED2BF395C800EE9E47 /* CalculatorTests */ = {
			isa = PBXGroup;
			children = (
				B4C591EE2BF395C800EE9E47 /* CalculatorTests.swift */,
			);
			path = CalculatorTests;
			sourceTree = "<group>";
		};
/* End PBXGroup section */

/* Begin PBXNativeTarget section */
		B4C591D32BF395C500EE9E47 /* Calculator */ = {
			isa = PBXNativeTarget;
			buildConfigurationList = B4C591FE2BF395C800EE9E47 /* Build configuration list for PBXNativeTarget "Calculator" */;
			buildPhases = (
				B4C591D02BF395C500EE9E47 /* Sources */,
				B4C591D12BF395C500EE9E47 /* Frameworks */,
				B4C591D22BF395C500EE9E47 /* Resources */,
			);
			buildRules = (
			);
			dependencies = (
			);
			name = Calculator;
			packageProductDependencies = (
				B4C5920A2BF39D4800EE9E47 /* SnapKit */,
				B4C5920C2BF39D4800EE9E47 /* SnapKit-Dynamic */,
				B4A0CEEE2BF4E99500630787 /* Factory */,
			);
			productName = Calculator;
			productReference = B4C591D42BF395C500EE9E47 /* Calculator.app */;
			productType = "com.apple.product-type.application";
		};
		B4C591E92BF395C800EE9E47 /* CalculatorTests */ = {
			isa = PBXNativeTarget;
			buildConfigurationList = B4C592012BF395C800EE9E47 /* Build configuration list for PBXNativeTarget "CalculatorTests" */;
			buildPhases = (
				B4C591E62BF395C800EE9E47 /* Sources */,
				B4C591E72BF395C800EE9E47 /* Frameworks */,
				B4C591E82BF395C800EE9E47 /* Resources */,
			);
			buildRules = (
			);
			dependencies = (
				B4C591EC2BF395C800EE9E47 /* PBXTargetDependency */,
			);
			name = CalculatorTests;
			productName = CalculatorTests;
			productReference = B4C591EA2BF395C800EE9E47 /* CalculatorTests.xctest */;
			productType = "com.apple.product-type.bundle.unit-test";
		};
/* End PBXNativeTarget section */

/* Begin PBXProject section */
		B4C591CC2BF395C500EE9E47 /* Project object */ = {
			isa = PBXProject;
			attributes = {
				BuildIndependentTargetsInParallel = 1;
				LastSwiftUpdateCheck = 1520;
				LastUpgradeCheck = 1520;
				TargetAttributes = {
					B4C591D32BF395C500EE9E47 = {
						CreatedOnToolsVersion = 15.2;
					};
					B4C591E92BF395C800EE9E47 = {
						CreatedOnToolsVersion = 15.2;
						TestTargetID = B4C591D32BF395C500EE9E47;
					};
				};
			};
			buildConfigurationList = B4C591CF2BF395C500EE9E47 /* Build configuration list for PBXProject "Calculator" */;
			compatibilityVersion = "Xcode 14.0";
			developmentRegion = en;
			hasScannedForEncodings = 0;
			knownRegions = (
				en,
				Base,
			);
			mainGroup = B4C591CB2BF395C500EE9E47;
			packageReferences = (
				B4C592092BF39D4800EE9E47 /* XCRemoteSwiftPackageReference "SnapKit" */,
				B4A0CEED2BF4E99500630787 /* XCRemoteSwiftPackageReference "Factory" */,
			);
			productRefGroup = B4C591D52BF395C500EE9E47 /* Products */;
			projectDirPath = "";
			projectRoot = "";
			targets = (
				B4C591D32BF395C500EE9E47 /* Calculator */,
				B4C591E92BF395C800EE9E47 /* CalculatorTests */,
			);
		};
/* End PBXProject section */

/* Begin PBXResourcesBuildPhase section */
		B4C591D22BF395C500EE9E47 /* Resources */ = {
			isa = PBXResourcesBuildPhase;
			buildActionMask = 2147483647;
			files = (
				B4C591E42BF395C800EE9E47 /* LaunchScreen.storyboard in Resources */,
				B4C591E12BF395C800EE9E47 /* Assets.xcassets in Resources */,
				B4C591DF2BF395C500EE9E47 /* Main.storyboard in Resources */,
			);
			runOnlyForDeploymentPostprocessing = 0;
		};
		B4C591E82BF395C800EE9E47 /* Resources */ = {
			isa = PBXResourcesBuildPhase;
			buildActionMask = 2147483647;
			files = (
			);
			runOnlyForDeploymentPostprocessing = 0;
		};
/* End PBXResourcesBuildPhase section */

/* Begin PBXSourcesBuildPhase section */
		B4C591D02BF395C500EE9E47 /* Sources */ = {
			isa = PBXSourcesBuildPhase;
			buildActionMask = 2147483647;
			files = (
				B4C592082BF39A7D00EE9E47 /* CalculatorView.swift in Sources */,
				B4A0CEF12BF4EA9200630787 /* DependencyInject.swift in Sources */,
				B4C591DC2BF395C500EE9E47 /* ViewController.swift in Sources */,
				B4C591D82BF395C500EE9E47 /* AppDelegate.swift in Sources */,
				36C1EBCC2BF452B1003AEA53 /* UIColor+Hex.swift in Sources */,
				B4C5920F2BF39F2700EE9E47 /* Calculator.swift in Sources */,
				B4C591DA2BF395C500EE9E47 /* SceneDelegate.swift in Sources */,
			);
			runOnlyForDeploymentPostprocessing = 0;
		};
		B4C591E62BF395C800EE9E47 /* Sources */ = {
			isa = PBXSourcesBuildPhase;
			buildActionMask = 2147483647;
			files = (
				B4C591EF2BF395C800EE9E47 /* CalculatorTests.swift in Sources */,
			);
			runOnlyForDeploymentPostprocessing = 0;
		};
/* End PBXSourcesBuildPhase section */

/* Begin PBXTargetDependency section */
		B4C591EC2BF395C800EE9E47 /* PBXTargetDependency */ = {
			isa = PBXTargetDependency;
			target = B4C591D32BF395C500EE9E47 /* Calculator */;
			targetProxy = B4C591EB2BF395C800EE9E47 /* PBXContainerItemProxy */;
		};
/* End PBXTargetDependency section */

/* Begin PBXVariantGroup section */
		B4C591DD2BF395C500EE9E47 /* Main.storyboard */ = {
			isa = PBXVariantGroup;
			children = (
				B4C591DE2BF395C500EE9E47 /* Base */,
			);
			name = Main.storyboard;
			sourceTree = "<group>";
		};
		B4C591E22BF395C800EE9E47 /* LaunchScreen.storyboard */ = {
			isa = PBXVariantGroup;
			children = (
				B4C591E32BF395C800EE9E47 /* Base */,
			);
			name = LaunchScreen.storyboard;
			sourceTree = "<group>";
		};
/* End PBXVariantGroup section */

/* Begin XCBuildConfiguration section */
		B4C591FC2BF395C800EE9E47 /* Debug */ = {
			isa = XCBuildConfiguration;
			buildSettings = {
				ALWAYS_SEARCH_USER_PATHS = NO;
				ASSETCATALOG_COMPILER_GENERATE_SWIFT_ASSET_SYMBOL_EXTENSIONS = YES;
				CLANG_ANALYZER_NONNULL = YES;
				CLANG_ANALYZER_NUMBER_OBJECT_CONVERSION = YES_AGGRESSIVE;
				CLANG_CXX_LANGUAGE_STANDARD = "gnu++20";
				CLANG_ENABLE_MODULES = YES;
				CLANG_ENABLE_OBJC_ARC = YES;
				CLANG_ENABLE_OBJC_WEAK = YES;
				CLANG_WARN_BLOCK_CAPTURE_AUTORELEASING = YES;
				CLANG_WARN_BOOL_CONVERSION = YES;
				CLANG_WARN_COMMA = YES;
				CLANG_WARN_CONSTANT_CONVERSION = YES;
				CLANG_WARN_DEPRECATED_OBJC_IMPLEMENTATIONS = YES;
				CLANG_WARN_DIRECT_OBJC_ISA_USAGE = YES_ERROR;
				CLANG_WARN_DOCUMENTATION_COMMENTS = YES;
				CLANG_WARN_EMPTY_BODY = YES;
				CLANG_WARN_ENUM_CONVERSION = YES;
				CLANG_WARN_INFINITE_RECURSION = YES;
				CLANG_WARN_INT_CONVERSION = YES;
				CLANG_WARN_NON_LITERAL_NULL_CONVERSION = YES;
				CLANG_WARN_OBJC_IMPLICIT_RETAIN_SELF = YES;
				CLANG_WARN_OBJC_LITERAL_CONVERSION = YES;
				CLANG_WARN_OBJC_ROOT_CLASS = YES_ERROR;
				CLANG_WARN_QUOTED_INCLUDE_IN_FRAMEWORK_HEADER = YES;
				CLANG_WARN_RANGE_LOOP_ANALYSIS = YES;
				CLANG_WARN_STRICT_PROTOTYPES = YES;
				CLANG_WARN_SUSPICIOUS_MOVE = YES;
				CLANG_WARN_UNGUARDED_AVAILABILITY = YES_AGGRESSIVE;
				CLANG_WARN_UNREACHABLE_CODE = YES;
				CLANG_WARN__DUPLICATE_METHOD_MATCH = YES;
				COPY_PHASE_STRIP = NO;
				DEBUG_INFORMATION_FORMAT = dwarf;
				ENABLE_STRICT_OBJC_MSGSEND = YES;
				ENABLE_TESTABILITY = YES;
				ENABLE_USER_SCRIPT_SANDBOXING = YES;
				GCC_C_LANGUAGE_STANDARD = gnu17;
				GCC_DYNAMIC_NO_PIC = NO;
				GCC_NO_COMMON_BLOCKS = YES;
				GCC_OPTIMIZATION_LEVEL = 0;
				GCC_PREPROCESSOR_DEFINITIONS = (
					"DEBUG=1",
					"$(inherited)",
				);
				GCC_WARN_64_TO_32_BIT_CONVERSION = YES;
				GCC_WARN_ABOUT_RETURN_TYPE = YES_ERROR;
				GCC_WARN_UNDECLARED_SELECTOR = YES;
				GCC_WARN_UNINITIALIZED_AUTOS = YES_AGGRESSIVE;
				GCC_WARN_UNUSED_FUNCTION = YES;
				GCC_WARN_UNUSED_VARIABLE = YES;
				IPHONEOS_DEPLOYMENT_TARGET = 17.2;
				LOCALIZATION_PREFERS_STRING_CATALOGS = YES;
				MTL_ENABLE_DEBUG_INFO = INCLUDE_SOURCE;
				MTL_FAST_MATH = YES;
				ONLY_ACTIVE_ARCH = YES;
				SDKROOT = iphoneos;
				SWIFT_ACTIVE_COMPILATION_CONDITIONS = "DEBUG $(inherited)";
				SWIFT_OPTIMIZATION_LEVEL = "-Onone";
			};
			name = Debug;
		};
		B4C591FD2BF395C800EE9E47 /* Release */ = {
			isa = XCBuildConfiguration;
			buildSettings = {
				ALWAYS_SEARCH_USER_PATHS = NO;
				ASSETCATALOG_COMPILER_GENERATE_SWIFT_ASSET_SYMBOL_EXTENSIONS = YES;
				CLANG_ANALYZER_NONNULL = YES;
				CLANG_ANALYZER_NUMBER_OBJECT_CONVERSION = YES_AGGRESSIVE;
				CLANG_CXX_LANGUAGE_STANDARD = "gnu++20";
				CLANG_ENABLE_MODULES = YES;
				CLANG_ENABLE_OBJC_ARC = YES;
				CLANG_ENABLE_OBJC_WEAK = YES;
				CLANG_WARN_BLOCK_CAPTURE_AUTORELEASING = YES;
				CLANG_WARN_BOOL_CONVERSION = YES;
				CLANG_WARN_COMMA = YES;
				CLANG_WARN_CONSTANT_CONVERSION = YES;
				CLANG_WARN_DEPRECATED_OBJC_IMPLEMENTATIONS = YES;
				CLANG_WARN_DIRECT_OBJC_ISA_USAGE = YES_ERROR;
				CLANG_WARN_DOCUMENTATION_COMMENTS = YES;
				CLANG_WARN_EMPTY_BODY = YES;
				CLANG_WARN_ENUM_CONVERSION = YES;
				CLANG_WARN_INFINITE_RECURSION = YES;
				CLANG_WARN_INT_CONVERSION = YES;
				CLANG_WARN_NON_LITERAL_NULL_CONVERSION = YES;
				CLANG_WARN_OBJC_IMPLICIT_RETAIN_SELF = YES;
				CLANG_WARN_OBJC_LITERAL_CONVERSION = YES;
				CLANG_WARN_OBJC_ROOT_CLASS = YES_ERROR;
				CLANG_WARN_QUOTED_INCLUDE_IN_FRAMEWORK_HEADER = YES;
				CLANG_WARN_RANGE_LOOP_ANALYSIS = YES;
				CLANG_WARN_STRICT_PROTOTYPES = YES;
				CLANG_WARN_SUSPICIOUS_MOVE = YES;
				CLANG_WARN_UNGUARDED_AVAILABILITY = YES_AGGRESSIVE;
				CLANG_WARN_UNREACHABLE_CODE = YES;
				CLANG_WARN__DUPLICATE_METHOD_MATCH = YES;
				COPY_PHASE_STRIP = NO;
				DEBUG_INFORMATION_FORMAT = "dwarf-with-dsym";
				ENABLE_NS_ASSERTIONS = NO;
				ENABLE_STRICT_OBJC_MSGSEND = YES;
				ENABLE_USER_SCRIPT_SANDBOXING = YES;
				GCC_C_LANGUAGE_STANDARD = gnu17;
				GCC_NO_COMMON_BLOCKS = YES;
				GCC_WARN_64_TO_32_BIT_CONVERSION = YES;
				GCC_WARN_ABOUT_RETURN_TYPE = YES_ERROR;
				GCC_WARN_UNDECLARED_SELECTOR = YES;
				GCC_WARN_UNINITIALIZED_AUTOS = YES_AGGRESSIVE;
				GCC_WARN_UNUSED_FUNCTION = YES;
				GCC_WARN_UNUSED_VARIABLE = YES;
				IPHONEOS_DEPLOYMENT_TARGET = 17.2;
				LOCALIZATION_PREFERS_STRING_CATALOGS = YES;
				MTL_ENABLE_DEBUG_INFO = NO;
				MTL_FAST_MATH = YES;
				SDKROOT = iphoneos;
				SWIFT_COMPILATION_MODE = wholemodule;
				VALIDATE_PRODUCT = YES;
			};
			name = Release;
		};
		B4C591FF2BF395C800EE9E47 /* Debug */ = {
			isa = XCBuildConfiguration;
			buildSettings = {
				ASSETCATALOG_COMPILER_APPICON_NAME = AppIcon;
				ASSETCATALOG_COMPILER_GLOBAL_ACCENT_COLOR_NAME = AccentColor;
				CODE_SIGN_STYLE = Automatic;
				CURRENT_PROJECT_VERSION = 1;
				GENERATE_INFOPLIST_FILE = YES;
				INFOPLIST_FILE = Calculator/Info.plist;
				INFOPLIST_KEY_UIApplicationSupportsIndirectInputEvents = YES;
				INFOPLIST_KEY_UILaunchStoryboardName = LaunchScreen;
				INFOPLIST_KEY_UIMainStoryboardFile = Main;
				INFOPLIST_KEY_UISupportedInterfaceOrientations_iPad = "UIInterfaceOrientationPortrait UIInterfaceOrientationPortraitUpsideDown UIInterfaceOrientationLandscapeLeft UIInterfaceOrientationLandscapeRight";
				INFOPLIST_KEY_UISupportedInterfaceOrientations_iPhone = "UIInterfaceOrientationPortrait UIInterfaceOrientationLandscapeLeft UIInterfaceOrientationLandscapeRight";
				LD_RUNPATH_SEARCH_PATHS = (
					"$(inherited)",
					"@executable_path/Frameworks",
				);
				MARKETING_VERSION = 1.0;
				PRODUCT_BUNDLE_IDENTIFIER = com.dadameng.Calculator;
				PRODUCT_NAME = "$(TARGET_NAME)";
				SWIFT_EMIT_LOC_STRINGS = YES;
				SWIFT_VERSION = 5.0;
				TARGETED_DEVICE_FAMILY = "1,2";
			};
			name = Debug;
		};
		B4C592002BF395C800EE9E47 /* Release */ = {
			isa = XCBuildConfiguration;
			buildSettings = {
				ASSETCATALOG_COMPILER_APPICON_NAME = AppIcon;
				ASSETCATALOG_COMPILER_GLOBAL_ACCENT_COLOR_NAME = AccentColor;
				CODE_SIGN_STYLE = Automatic;
				CURRENT_PROJECT_VERSION = 1;
				GENERATE_INFOPLIST_FILE = YES;
				INFOPLIST_FILE = Calculator/Info.plist;
				INFOPLIST_KEY_UIApplicationSupportsIndirectInputEvents = YES;
				INFOPLIST_KEY_UILaunchStoryboardName = LaunchScreen;
				INFOPLIST_KEY_UIMainStoryboardFile = Main;
				INFOPLIST_KEY_UISupportedInterfaceOrientations_iPad = "UIInterfaceOrientationPortrait UIInterfaceOrientationPortraitUpsideDown UIInterfaceOrientationLandscapeLeft UIInterfaceOrientationLandscapeRight";
				INFOPLIST_KEY_UISupportedInterfaceOrientations_iPhone = "UIInterfaceOrientationPortrait UIInterfaceOrientationLandscapeLeft UIInterfaceOrientationLandscapeRight";
				LD_RUNPATH_SEARCH_PATHS = (
					"$(inherited)",
					"@executable_path/Frameworks",
				);
				MARKETING_VERSION = 1.0;
				PRODUCT_BUNDLE_IDENTIFIER = com.dadameng.Calculator;
				PRODUCT_NAME = "$(TARGET_NAME)";
				SWIFT_EMIT_LOC_STRINGS = YES;
				SWIFT_VERSION = 5.0;
				TARGETED_DEVICE_FAMILY = "1,2";
			};
			name = Release;
		};
		B4C592022BF395C800EE9E47 /* Debug */ = {
			isa = XCBuildConfiguration;
			buildSettings = {
				ALWAYS_EMBED_SWIFT_STANDARD_LIBRARIES = YES;
				BUNDLE_LOADER = "$(TEST_HOST)";
				CODE_SIGN_STYLE = Automatic;
				CURRENT_PROJECT_VERSION = 1;
				GENERATE_INFOPLIST_FILE = YES;
				IPHONEOS_DEPLOYMENT_TARGET = 17.2;
				MARKETING_VERSION = 1.0;
				PRODUCT_BUNDLE_IDENTIFIER = com.dadameng.CalculatorTests;
				PRODUCT_NAME = "$(TARGET_NAME)";
				SWIFT_EMIT_LOC_STRINGS = NO;
				SWIFT_VERSION = 5.0;
				TARGETED_DEVICE_FAMILY = "1,2";
				TEST_HOST = "$(BUILT_PRODUCTS_DIR)/Calculator.app/$(BUNDLE_EXECUTABLE_FOLDER_PATH)/Calculator";
			};
			name = Debug;
		};
		B4C592032BF395C800EE9E47 /* Release */ = {
			isa = XCBuildConfiguration;
			buildSettings = {
				ALWAYS_EMBED_SWIFT_STANDARD_LIBRARIES = YES;
				BUNDLE_LOADER = "$(TEST_HOST)";
				CODE_SIGN_STYLE = Automatic;
				CURRENT_PROJECT_VERSION = 1;
				GENERATE_INFOPLIST_FILE = YES;
				IPHONEOS_DEPLOYMENT_TARGET = 17.2;
				MARKETING_VERSION = 1.0;
				PRODUCT_BUNDLE_IDENTIFIER = com.dadameng.CalculatorTests;
				PRODUCT_NAME = "$(TARGET_NAME)";
				SWIFT_EMIT_LOC_STRINGS = NO;
				SWIFT_VERSION = 5.0;
				TARGETED_DEVICE_FAMILY = "1,2";
				TEST_HOST = "$(BUILT_PRODUCTS_DIR)/Calculator.app/$(BUNDLE_EXECUTABLE_FOLDER_PATH)/Calculator";
			};
			name = Release;
		};
/* End XCBuildConfiguration section */

/* Begin XCConfigurationList section */
		B4C591CF2BF395C500EE9E47 /* Build configuration list for PBXProject "Calculator" */ = {
			isa = XCConfigurationList;
			buildConfigurations = (
				B4C591FC2BF395C800EE9E47 /* Debug */,
				B4C591FD2BF395C800EE9E47 /* Release */,
			);
			defaultConfigurationIsVisible = 0;
			defaultConfigurationName = Release;
		};
		B4C591FE2BF395C800EE9E47 /* Build configuration list for PBXNativeTarget "Calculator" */ = {
			isa = XCConfigurationList;
			buildConfigurations = (
				B4C591FF2BF395C800EE9E47 /* Debug */,
				B4C592002BF395C800EE9E47 /* Release */,
			);
			defaultConfigurationIsVisible = 0;
			defaultConfigurationName = Release;
		};
		B4C592012BF395C800EE9E47 /* Build configuration list for PBXNativeTarget "CalculatorTests" */ = {
			isa = XCConfigurationList;
			buildConfigurations = (
				B4C592022BF395C800EE9E47 /* Debug */,
				B4C592032BF395C800EE9E47 /* Release */,
			);
			defaultConfigurationIsVisible = 0;
			defaultConfigurationName = Release;
		};
/* End XCConfigurationList section */

/* Begin XCRemoteSwiftPackageReference section */
		B4A0CEED2BF4E99500630787 /* XCRemoteSwiftPackageReference "Factory" */ = {
			isa = XCRemoteSwiftPackageReference;
			repositoryURL = "https://github.com/hmlongco/Factory";
			requirement = {
				kind = upToNextMajorVersion;
				minimumVersion = 2.3.2;
			};
		};
		B4C592092BF39D4800EE9E47 /* XCRemoteSwiftPackageReference "SnapKit" */ = {
			isa = XCRemoteSwiftPackageReference;
			repositoryURL = "https://github.com/SnapKit/SnapKit.git";
			requirement = {
				kind = upToNextMajorVersion;
				minimumVersion = 5.7.1;
			};
		};
/* End XCRemoteSwiftPackageReference section */

/* Begin XCSwiftPackageProductDependency section */
		B4A0CEEE2BF4E99500630787 /* Factory */ = {
			isa = XCSwiftPackageProductDependency;
			package = B4A0CEED2BF4E99500630787 /* XCRemoteSwiftPackageReference "Factory" */;
			productName = Factory;
		};
		B4C5920A2BF39D4800EE9E47 /* SnapKit */ = {
			isa = XCSwiftPackageProductDependency;
			package = B4C592092BF39D4800EE9E47 /* XCRemoteSwiftPackageReference "SnapKit" */;
			productName = SnapKit;
		};
		B4C5920C2BF39D4800EE9E47 /* SnapKit-Dynamic */ = {
			isa = XCSwiftPackageProductDependency;
			package = B4C592092BF39D4800EE9E47 /* XCRemoteSwiftPackageReference "SnapKit" */;
			productName = "SnapKit-Dynamic";
		};
/* End XCSwiftPackageProductDependency section */
	};
	rootObject = B4C591CC2BF395C500EE9E47 /* Project object */;
}
